
Microsoft Visual Studio Solution File, Format Version 12.00
# Visual Studio Version 17
VisualStudioVersion = 17.14.36310.24 d17.14
MinimumVisualStudioVersion = 10.0.40219.1
Project("{FAE04EC0-301F-11D3-BF4B-00C04F79EFBC}") = "WpfApp-NetFramework-Injections", "WpfApp-NetFramework-Injections.csproj", "{C44D4393-FEF0-443F-A13F-2F38CEB0A31C}"
EndProject
Global
	GlobalSection(SolutionConfigurationPlatforms) = preSolution
		Debug|Any CPU = Debug|Any CPU
		Release|Any CPU = Release|Any CPU
	EndGlobalSection
	GlobalSection(ProjectConfigurationPlatforms) = postSolution
		{C44D4393-FEF0-443F-A13F-2F38CEB0A31C}.Debug|Any CPU.ActiveCfg = Debug|Any CPU
		{C44D4393-FEF0-443F-A13F-2F38CEB0A31C}.Debug|Any CPU.Build.0 = Debug|Any CPU
		{C44D4393-FEF0-443F-A13F-2F38CEB0A31C}.Release|Any CPU.ActiveCfg = Release|Any CPU
		{C44D4393-FEF0-443F-A13F-2F38CEB0A31C}.Release|Any CPU.Build.0 = Release|Any CPU
	EndGlobalSection
	GlobalSection(SolutionProperties) = preSolution
		HideSolutionNode = FALSE
	EndGlobalSection
	GlobalSection(ExtensibilityGlobals) = postSolution
		SolutionGuid = {0089D9FA-C052-471E-8DDC-650E25086238}
	EndGlobalSection
EndGlobal
